
Microsoft Visual Studio Solution File, Format Version 12.00
# Visual Studio 2013
VisualStudioVersion = 12.0.31101.0
MinimumVisualStudioVersion = 10.0.40219.1
Project("{FAE04EC0-301F-11D3-BF4B-00C04F79EFBC}") = "01.StringBuilder.Substring", "01.StringBuilder.Substring\01.StringBuilder.Substring.csproj", "{3C3ECCBE-BA0A-4C09-96BB-F2FFE8753392}"
EndProject
Project("{FAE04EC0-301F-11D3-BF4B-00C04F79EFBC}") = "02.IEnumerableExtensions", "02.IEnumerableExtensions\02.IEnumerableExtensions.csproj", "{9CC6CF39-E94C-440B-8E7F-DD7C8FFDCF24}"
EndProject
Project("{FAE04EC0-301F-11D3-BF4B-00C04F79EFBC}") = "03.FirstBeforeLast", "03.FirstBeforeLast\03.FirstBeforeLast.csproj", "{F11A7DCB-FD75-4CD6-9521-D05BB13570BD}"
EndProject
Project("{FAE04EC0-301F-11D3-BF4B-00C04F79EFBC}") = "06.Divisibleby7and3", "06.Divisibleby7and3\06.Divisibleby7and3.csproj", "{0AC13B50-F1BD-4F1F-8C35-16ADF5AA0237}"
EndProject
Project("{FAE04EC0-301F-11D3-BF4B-00C04F79EFBC}") = "07.Timer", "07.Timer\07.Timer.csproj", "{1803C3B2-E460-4D81-82ED-D1D9DADEF5B4}"
EndProject
Project("{FAE04EC0-301F-11D3-BF4B-00C04F79EFBC}") = "09-16StudentGroups", "09-16StudentGroups\09-16StudentGroups.csproj", "{A3189945-D1D1-427D-BF48-8FBCE8675FE3}"
EndProject
Project("{FAE04EC0-301F-11D3-BF4B-00C04F79EFBC}") = "17.LongestString", "17.LongestString\17.LongestString.csproj", "{2FFDABCA-FE75-40A7-9B7E-AAC1A75C2336}"
EndProject
Project("{FAE04EC0-301F-11D3-BF4B-00C04F79EFBC}") = "18-19GroupedByGroupNumber", "18-19GroupedByGroupNumber\18-19GroupedByGroupNumber.csproj", "{C3F75583-AA0F-4088-AE95-3608527A5B1C}"
EndProject
Global
	GlobalSection(SolutionConfigurationPlatforms) = preSolution
		Debug|Any CPU = Debug|Any CPU
		Release|Any CPU = Release|Any CPU
	EndGlobalSection
	GlobalSection(ProjectConfigurationPlatforms) = postSolution
		{3C3ECCBE-BA0A-4C09-96BB-F2FFE8753392}.Debug|Any CPU.ActiveCfg = Debug|Any CPU
		{3C3ECCBE-BA0A-4C09-96BB-F2FFE8753392}.Debug|Any CPU.Build.0 = Debug|Any CPU
		{3C3ECCBE-BA0A-4C09-96BB-F2FFE8753392}.Release|Any CPU.ActiveCfg = Release|Any CPU
		{3C3ECCBE-BA0A-4C09-96BB-F2FFE8753392}.Release|Any CPU.Build.0 = Release|Any CPU
		{9CC6CF39-E94C-440B-8E7F-DD7C8FFDCF24}.Debug|Any CPU.ActiveCfg = Debug|Any CPU
		{9CC6CF39-E94C-440B-8E7F-DD7C8FFDCF24}.Debug|Any CPU.Build.0 = Debug|Any CPU
		{9CC6CF39-E94C-440B-8E7F-DD7C8FFDCF24}.Release|Any CPU.ActiveCfg = Release|Any CPU
		{9CC6CF39-E94C-440B-8E7F-DD7C8FFDCF24}.Release|Any CPU.Build.0 = Release|Any CPU
		{F11A7DCB-FD75-4CD6-9521-D05BB13570BD}.Debug|Any CPU.ActiveCfg = Debug|Any CPU
		{F11A7DCB-FD75-4CD6-9521-D05BB13570BD}.Debug|Any CPU.Build.0 = Debug|Any CPU
		{F11A7DCB-FD75-4CD6-9521-D05BB13570BD}.Release|Any CPU.ActiveCfg = Release|Any CPU
		{F11A7DCB-FD75-4CD6-9521-D05BB13570BD}.Release|Any CPU.Build.0 = Release|Any CPU
		{0AC13B50-F1BD-4F1F-8C35-16ADF5AA0237}.Debug|Any CPU.ActiveCfg = Debug|Any CPU
		{0AC13B50-F1BD-4F1F-8C35-16ADF5AA0237}.Debug|Any CPU.Build.0 = Debug|Any CPU
		{0AC13B50-F1BD-4F1F-8C35-16ADF5AA0237}.Release|Any CPU.ActiveCfg = Release|Any CPU
		{0AC13B50-F1BD-4F1F-8C35-16ADF5AA0237}.Release|Any CPU.Build.0 = Release|Any CPU
		{1803C3B2-E460-4D81-82ED-D1D9DADEF5B4}.Debug|Any CPU.ActiveCfg = Debug|Any CPU
		{1803C3B2-E460-4D81-82ED-D1D9DADEF5B4}.Debug|Any CPU.Build.0 = Debug|Any CPU
		{1803C3B2-E460-4D81-82ED-D1D9DADEF5B4}.Release|Any CPU.ActiveCfg = Release|Any CPU
		{1803C3B2-E460-4D81-82ED-D1D9DADEF5B4}.Release|Any CPU.Build.0 = Release|Any CPU
		{A3189945-D1D1-427D-BF48-8FBCE8675FE3}.Debug|Any CPU.ActiveCfg = Debug|Any CPU
		{A3189945-D1D1-427D-BF48-8FBCE8675FE3}.Debug|Any CPU.Build.0 = Debug|Any CPU
		{A3189945-D1D1-427D-BF48-8FBCE8675FE3}.Release|Any CPU.ActiveCfg = Release|Any CPU
		{A3189945-D1D1-427D-BF48-8FBCE8675FE3}.Release|Any CPU.Build.0 = Release|Any CPU
		{2FFDABCA-FE75-40A7-9B7E-AAC1A75C2336}.Debug|Any CPU.ActiveCfg = Debug|Any CPU
		{2FFDABCA-FE75-40A7-9B7E-AAC1A75C2336}.Debug|Any CPU.Build.0 = Debug|Any CPU
		{2FFDABCA-FE75-40A7-9B7E-AAC1A75C2336}.Release|Any CPU.ActiveCfg = Release|Any CPU
		{2FFDABCA-FE75-40A7-9B7E-AAC1A75C2336}.Release|Any CPU.Build.0 = Release|Any CPU
		{C3F75583-AA0F-4088-AE95-3608527A5B1C}.Debug|Any CPU.ActiveCfg = Debug|Any CPU
		{C3F75583-AA0F-4088-AE95-3608527A5B1C}.Debug|Any CPU.Build.0 = Debug|Any CPU
		{C3F75583-AA0F-4088-AE95-3608527A5B1C}.Release|Any CPU.ActiveCfg = Release|Any CPU
		{C3F75583-AA0F-4088-AE95-3608527A5B1C}.Release|Any CPU.Build.0 = Release|Any CPU
	EndGlobalSection
	GlobalSection(SolutionProperties) = preSolution
		HideSolutionNode = FALSE
	EndGlobalSection
EndGlobal
