
Microsoft Visual Studio Solution File, Format Version 12.00
# Visual Studio 2013
VisualStudioVersion = 12.0.31101.0
MinimumVisualStudioVersion = 10.0.40219.1
Project("{FAE04EC0-301F-11D3-BF4B-00C04F79EFBC}") = "01.SchoolClasses", "01.SchoolClasses\01.SchoolClasses.csproj", "{C07CDD18-53C0-4F3F-8811-4CB70F50E430}"
EndProject
Project("{FAE04EC0-301F-11D3-BF4B-00C04F79EFBC}") = "02.StudentsAndWorkers", "02.StudentsAndWorkers\02.StudentsAndWorkers.csproj", "{2404FD7D-C141-43A9-8A84-1DC0A599BDED}"
EndProject
Project("{FAE04EC0-301F-11D3-BF4B-00C04F79EFBC}") = "03.AnimalHierarchy", "03.AnimalHierarchy\03.AnimalHierarchy.csproj", "{0C117F1C-0C8F-4EEF-B384-F6631B02676F}"
EndProject
Global
	GlobalSection(SolutionConfigurationPlatforms) = preSolution
		Debug|Any CPU = Debug|Any CPU
		Release|Any CPU = Release|Any CPU
	EndGlobalSection
	GlobalSection(ProjectConfigurationPlatforms) = postSolution
		{C07CDD18-53C0-4F3F-8811-4CB70F50E430}.Debug|Any CPU.ActiveCfg = Debug|Any CPU
		{C07CDD18-53C0-4F3F-8811-4CB70F50E430}.Debug|Any CPU.Build.0 = Debug|Any CPU
		{C07CDD18-53C0-4F3F-8811-4CB70F50E430}.Release|Any CPU.ActiveCfg = Release|Any CPU
		{C07CDD18-53C0-4F3F-8811-4CB70F50E430}.Release|Any CPU.Build.0 = Release|Any CPU
		{2404FD7D-C141-43A9-8A84-1DC0A599BDED}.Debug|Any CPU.ActiveCfg = Debug|Any CPU
		{2404FD7D-C141-43A9-8A84-1DC0A599BDED}.Debug|Any CPU.Build.0 = Debug|Any CPU
		{2404FD7D-C141-43A9-8A84-1DC0A599BDED}.Release|Any CPU.ActiveCfg = Release|Any CPU
		{2404FD7D-C141-43A9-8A84-1DC0A599BDED}.Release|Any CPU.Build.0 = Release|Any CPU
		{0C117F1C-0C8F-4EEF-B384-F6631B02676F}.Debug|Any CPU.ActiveCfg = Debug|Any CPU
		{0C117F1C-0C8F-4EEF-B384-F6631B02676F}.Debug|Any CPU.Build.0 = Debug|Any CPU
		{0C117F1C-0C8F-4EEF-B384-F6631B02676F}.Release|Any CPU.ActiveCfg = Release|Any CPU
		{0C117F1C-0C8F-4EEF-B384-F6631B02676F}.Release|Any CPU.Build.0 = Release|Any CPU
	EndGlobalSection
	GlobalSection(SolutionProperties) = preSolution
		HideSolutionNode = FALSE
	EndGlobalSection
EndGlobal
